
Microsoft Visual Studio Solution File, Format Version 12.00
# Visual Studio Version 17
VisualStudioVersion = 17.5.33516.290
MinimumVisualStudioVersion = 10.0.40219.1
Project("{FAE04EC0-301F-11D3-BF4B-00C04F79EFBC}") = "RoundTextBoxProject", "RoundTextBoxProject\RoundTextBoxProject.csproj", "{ED80E208-F3CB-4169-BFD0-5908E1355C05}"
EndProject
Global
	GlobalSection(SolutionConfigurationPlatforms) = preSolution
		Debug|Any CPU = Debug|Any CPU
		Release|Any CPU = Release|Any CPU
	EndGlobalSection
	GlobalSection(ProjectConfigurationPlatforms) = postSolution
		{ED80E208-F3CB-4169-BFD0-5908E1355C05}.Debug|Any CPU.ActiveCfg = Debug|Any CPU
		{ED80E208-F3CB-4169-BFD0-5908E1355C05}.Debug|Any CPU.Build.0 = Debug|Any CPU
		{ED80E208-F3CB-4169-BFD0-5908E1355C05}.Release|Any CPU.ActiveCfg = Release|Any CPU
		{ED80E208-F3CB-4169-BFD0-5908E1355C05}.Release|Any CPU.Build.0 = Release|Any CPU
	EndGlobalSection
	GlobalSection(SolutionProperties) = preSolution
		HideSolutionNode = FALSE
	EndGlobalSection
	GlobalSection(ExtensibilityGlobals) = postSolution
		SolutionGuid = {1485CF41-3ED4-4869-9E6A-BD44E4AFC45C}
	EndGlobalSection
EndGlobal
